
Microsoft Visual Studio Solution File, Format Version 12.00
# Visual Studio Version 17
VisualStudioVersion = 17.9.34607.119
MinimumVisualStudioVersion = 10.0.40219.1
Project("{FAE04EC0-301F-11D3-BF4B-00C04F79EFBC}") = "CoPartner", "CoPartner.csproj", "{3EBE4123-F967-4D92-AE4E-B4C324BFAF0F}"
EndProject
Global
	GlobalSection(SolutionConfigurationPlatforms) = preSolution
		Debug|Any CPU = Debug|Any CPU
		Release|Any CPU = Release|Any CPU
	EndGlobalSection
	GlobalSection(ProjectConfigurationPlatforms) = postSolution
		{3EBE4123-F967-4D92-AE4E-B4C324BFAF0F}.Debug|Any CPU.ActiveCfg = Debug|Any CPU
		{3EBE4123-F967-4D92-AE4E-B4C324BFAF0F}.Debug|Any CPU.Build.0 = Debug|Any CPU
		{3EBE4123-F967-4D92-AE4E-B4C324BFAF0F}.Release|Any CPU.ActiveCfg = Release|Any CPU
		{3EBE4123-F967-4D92-AE4E-B4C324BFAF0F}.Release|Any CPU.Build.0 = Release|Any CPU
	EndGlobalSection
	GlobalSection(SolutionProperties) = preSolution
		HideSolutionNode = FALSE
	EndGlobalSection
	GlobalSection(ExtensibilityGlobals) = postSolution
		SolutionGuid = {6CC5C584-B58F-4832-AE0B-780CAC1856C0}
	EndGlobalSection
EndGlobal
